// !$*UTF8*$!
{
	archiveVersion = 1;
	classes = {
	};
	objectVersion = 56;
	objects = {

/* Begin PBXBuildFile section */
		AAC771712BF3C90400462D90 /* Demo_SwiftUIKitApp.swift in Sources */ = {isa = PBXBuildFile; fileRef = AAC771702BF3C90400462D90 /* Demo_SwiftUIKitApp.swift */; };
		AAC771752BF3C90500462D90 /* Assets.xcassets in Resources */ = {isa = PBXBuildFile; fileRef = AAC771742BF3C90500462D90 /* Assets.xcassets */; };
		AAC771782BF3C90500462D90 /* Preview Assets.xcassets in Resources */ = {isa = PBXBuildFile; fileRef = AAC771772BF3C90500462D90 /* Preview Assets.xcassets */; };
		AAC771802BF3CA8200462D90 /* SwiftUIDevKit in Frameworks */ = {isa = PBXBuildFile; productRef = AAC7717F2BF3CA8200462D90 /* SwiftUIDevKit */; };
		AAC771842BF3CACF00462D90 /* LoginViewModel.swift in Sources */ = {isa = PBXBuildFile; fileRef = AAC771832BF3CACF00462D90 /* LoginViewModel.swift */; };
		AAC771862BF3CAF800462D90 /* LoginView.swift in Sources */ = {isa = PBXBuildFile; fileRef = AAC771852BF3CAF800462D90 /* LoginView.swift */; };
		AAC7718A2BF3CEC700462D90 /* UiModels.swift in Sources */ = {isa = PBXBuildFile; fileRef = AAC771892BF3CEC700462D90 /* UiModels.swift */; };
/* End PBXBuildFile section */

/* Begin PBXFileReference section */
		AAC7716D2BF3C90400462D90 /* Demo-SwiftUIKit.app */ = {isa = PBXFileReference; explicitFileType = wrapper.application; includeInIndex = 0; path = "Demo-SwiftUIKit.app"; sourceTree = BUILT_PRODUCTS_DIR; };
		AAC771702BF3C90400462D90 /* Demo_SwiftUIKitApp.swift */ = {isa = PBXFileReference; lastKnownFileType = sourcecode.swift; path = Demo_SwiftUIKitApp.swift; sourceTree = "<group>"; };
		AAC771742BF3C90500462D90 /* Assets.xcassets */ = {isa = PBXFileReference; lastKnownFileType = folder.assetcatalog; path = Assets.xcassets; sourceTree = "<group>"; };
		AAC771772BF3C90500462D90 /* Preview Assets.xcassets */ = {isa = PBXFileReference; lastKnownFileType = folder.assetcatalog; path = "Preview Assets.xcassets"; sourceTree = "<group>"; };
		AAC771832BF3CACF00462D90 /* LoginViewModel.swift */ = {isa = PBXFileReference; lastKnownFileType = sourcecode.swift; path = LoginViewModel.swift; sourceTree = "<group>"; };
		AAC771852BF3CAF800462D90 /* LoginView.swift */ = {isa = PBXFileReference; lastKnownFileType = sourcecode.swift; path = LoginView.swift; sourceTree = "<group>"; };
		AAC771892BF3CEC700462D90 /* UiModels.swift */ = {isa = PBXFileReference; lastKnownFileType = sourcecode.swift; path = UiModels.swift; sourceTree = "<group>"; };
/* End PBXFileReference section */

/* Begin PBXFrameworksBuildPhase section */
		AAC7716A2BF3C90400462D90 /* Frameworks */ = {
			isa = PBXFrameworksBuildPhase;
			buildActionMask = 2147483647;
			files = (
				AAC771802BF3CA8200462D90 /* SwiftUIDevKit in Frameworks */,
			);
			runOnlyForDeploymentPostprocessing = 0;
		};
/* End PBXFrameworksBuildPhase section */

/* Begin PBXGroup section */
		AAC771642BF3C90400462D90 = {
			isa = PBXGroup;
			children = (
				AAC7716F2BF3C90400462D90 /* Demo-SwiftUIKit */,
				AAC7716E2BF3C90400462D90 /* Products */,
			);
			sourceTree = "<group>";
		};
		AAC7716E2BF3C90400462D90 /* Products */ = {
			isa = PBXGroup;
			children = (
				AAC7716D2BF3C90400462D90 /* Demo-SwiftUIKit.app */,
			);
			name = Products;
			sourceTree = "<group>";
		};
		AAC7716F2BF3C90400462D90 /* Demo-SwiftUIKit */ = {
			isa = PBXGroup;
			children = (
				AAC771702BF3C90400462D90 /* Demo_SwiftUIKitApp.swift */,
				AAC771872BF3CE7200462D90 /* UiModels */,
				AAC7718B2BF3DE9D00462D90 /* DataModel */,
				AAC771812BF3CAA300462D90 /* View */,
				AAC771822BF3CAAC00462D90 /* ViewModel */,
				AAC771742BF3C90500462D90 /* Assets.xcassets */,
				AAC771762BF3C90500462D90 /* Preview Content */,
			);
			path = "Demo-SwiftUIKit";
			sourceTree = "<group>";
		};
		AAC771762BF3C90500462D90 /* Preview Content */ = {
			isa = PBXGroup;
			children = (
				AAC771772BF3C90500462D90 /* Preview Assets.xcassets */,
			);
			path = "Preview Content";
			sourceTree = "<group>";
		};
		AAC771812BF3CAA300462D90 /* View */ = {
			isa = PBXGroup;
			children = (
				AAC771852BF3CAF800462D90 /* LoginView.swift */,
			);
			path = View;
			sourceTree = "<group>";
		};
		AAC771822BF3CAAC00462D90 /* ViewModel */ = {
			isa = PBXGroup;
			children = (
				AAC771832BF3CACF00462D90 /* LoginViewModel.swift */,
			);
			path = ViewModel;
			sourceTree = "<group>";
		};
		AAC771872BF3CE7200462D90 /* UiModels */ = {
			isa = PBXGroup;
			children = (
				AAC771892BF3CEC700462D90 /* UiModels.swift */,
			);
			path = UiModels;
			sourceTree = "<group>";
		};
		AAC7718B2BF3DE9D00462D90 /* DataModel */ = {
			isa = PBXGroup;
			children = (
			);
			path = DataModel;
			sourceTree = "<group>";
		};
/* End PBXGroup section */

/* Begin PBXNativeTarget section */
		AAC7716C2BF3C90400462D90 /* Demo-SwiftUIKit */ = {
			isa = PBXNativeTarget;
			buildConfigurationList = AAC7717B2BF3C90500462D90 /* Build configuration list for PBXNativeTarget "Demo-SwiftUIKit" */;
			buildPhases = (
				AAC771692BF3C90400462D90 /* Sources */,
				AAC7716A2BF3C90400462D90 /* Frameworks */,
				AAC7716B2BF3C90400462D90 /* Resources */,
			);
			buildRules = (
			);
			dependencies = (
			);
			name = "Demo-SwiftUIKit";
			packageProductDependencies = (
				AAC7717F2BF3CA8200462D90 /* SwiftUIDevKit */,
			);
			productName = "Demo-SwiftUIKit";
			productReference = AAC7716D2BF3C90400462D90 /* Demo-SwiftUIKit.app */;
			productType = "com.apple.product-type.application";
		};
/* End PBXNativeTarget section */

/* Begin PBXProject section */
		AAC771652BF3C90400462D90 /* Project object */ = {
			isa = PBXProject;
			attributes = {
				BuildIndependentTargetsInParallel = 1;
				LastSwiftUpdateCheck = 1500;
				LastUpgradeCheck = 1500;
				TargetAttributes = {
					AAC7716C2BF3C90400462D90 = {
						CreatedOnToolsVersion = 15.0.1;
					};
				};
			};
			buildConfigurationList = AAC771682BF3C90400462D90 /* Build configuration list for PBXProject "Demo-SwiftUIKit" */;
			compatibilityVersion = "Xcode 14.0";
			developmentRegion = en;
			hasScannedForEncodings = 0;
			knownRegions = (
				en,
				Base,
			);
			mainGroup = AAC771642BF3C90400462D90;
			packageReferences = (
				AAC7717E2BF3CA8200462D90 /* XCRemoteSwiftPackageReference "SwiftUIDevKit" */,
			);
			productRefGroup = AAC7716E2BF3C90400462D90 /* Products */;
			projectDirPath = "";
			projectRoot = "";
			targets = (
				AAC7716C2BF3C90400462D90 /* Demo-SwiftUIKit */,
			);
		};
/* End PBXProject section */

/* Begin PBXResourcesBuildPhase section */
		AAC7716B2BF3C90400462D90 /* Resources */ = {
			isa = PBXResourcesBuildPhase;
			buildActionMask = 2147483647;
			files = (
				AAC771782BF3C90500462D90 /* Preview Assets.xcassets in Resources */,
				AAC771752BF3C90500462D90 /* Assets.xcassets in Resources */,
			);
			runOnlyForDeploymentPostprocessing = 0;
		};
/* End PBXResourcesBuildPhase section */

/* Begin PBXSourcesBuildPhase section */
		AAC771692BF3C90400462D90 /* Sources */ = {
			isa = PBXSourcesBuildPhase;
			buildActionMask = 2147483647;
			files = (
				AAC771712BF3C90400462D90 /* Demo_SwiftUIKitApp.swift in Sources */,
				AAC7718A2BF3CEC700462D90 /* UiModels.swift in Sources */,
				AAC771862BF3CAF800462D90 /* LoginView.swift in Sources */,
				AAC771842BF3CACF00462D90 /* LoginViewModel.swift in Sources */,
			);
			runOnlyForDeploymentPostprocessing = 0;
		};
/* End PBXSourcesBuildPhase section */

/* Begin XCBuildConfiguration section */
		AAC771792BF3C90500462D90 /* Debug */ = {
			isa = XCBuildConfiguration;
			buildSettings = {
				ALWAYS_SEARCH_USER_PATHS = NO;
				ASSETCATALOG_COMPILER_GENERATE_SWIFT_ASSET_SYMBOL_EXTENSIONS = YES;
				CLANG_ANALYZER_NONNULL = YES;
				CLANG_ANALYZER_NUMBER_OBJECT_CONVERSION = YES_AGGRESSIVE;
				CLANG_CXX_LANGUAGE_STANDARD = "gnu++20";
				CLANG_ENABLE_MODULES = YES;
				CLANG_ENABLE_OBJC_ARC = YES;
				CLANG_ENABLE_OBJC_WEAK = YES;
				CLANG_WARN_BLOCK_CAPTURE_AUTORELEASING = YES;
				CLANG_WARN_BOOL_CONVERSION = YES;
				CLANG_WARN_COMMA = YES;
				CLANG_WARN_CONSTANT_CONVERSION = YES;
				CLANG_WARN_DEPRECATED_OBJC_IMPLEMENTATIONS = YES;
				CLANG_WARN_DIRECT_OBJC_ISA_USAGE = YES_ERROR;
				CLANG_WARN_DOCUMENTATION_COMMENTS = YES;
				CLANG_WARN_EMPTY_BODY = YES;
				CLANG_WARN_ENUM_CONVERSION = YES;
				CLANG_WARN_INFINITE_RECURSION = YES;
				CLANG_WARN_INT_CONVERSION = YES;
				CLANG_WARN_NON_LITERAL_NULL_CONVERSION = YES;
				CLANG_WARN_OBJC_IMPLICIT_RETAIN_SELF = YES;
				CLANG_WARN_OBJC_LITERAL_CONVERSION = YES;
				CLANG_WARN_OBJC_ROOT_CLASS = YES_ERROR;
				CLANG_WARN_QUOTED_INCLUDE_IN_FRAMEWORK_HEADER = YES;
				CLANG_WARN_RANGE_LOOP_ANALYSIS = YES;
				CLANG_WARN_STRICT_PROTOTYPES = YES;
				CLANG_WARN_SUSPICIOUS_MOVE = YES;
				CLANG_WARN_UNGUARDED_AVAILABILITY = YES_AGGRESSIVE;
				CLANG_WARN_UNREACHABLE_CODE = YES;
				CLANG_WARN__DUPLICATE_METHOD_MATCH = YES;
				COPY_PHASE_STRIP = NO;
				DEBUG_INFORMATION_FORMAT = dwarf;
				ENABLE_STRICT_OBJC_MSGSEND = YES;
				ENABLE_TESTABILITY = YES;
				ENABLE_USER_SCRIPT_SANDBOXING = YES;
				GCC_C_LANGUAGE_STANDARD = gnu17;
				GCC_DYNAMIC_NO_PIC = NO;
				GCC_NO_COMMON_BLOCKS = YES;
				GCC_OPTIMIZATION_LEVEL = 0;
				GCC_PREPROCESSOR_DEFINITIONS = (
					"DEBUG=1",
					"$(inherited)",
				);
				GCC_WARN_64_TO_32_BIT_CONVERSION = YES;
				GCC_WARN_ABOUT_RETURN_TYPE = YES_ERROR;
				GCC_WARN_UNDECLARED_SELECTOR = YES;
				GCC_WARN_UNINITIALIZED_AUTOS = YES_AGGRESSIVE;
				GCC_WARN_UNUSED_FUNCTION = YES;
				GCC_WARN_UNUSED_VARIABLE = YES;
				IPHONEOS_DEPLOYMENT_TARGET = 16.0;
				LOCALIZATION_PREFERS_STRING_CATALOGS = YES;
				MTL_ENABLE_DEBUG_INFO = INCLUDE_SOURCE;
				MTL_FAST_MATH = YES;
				ONLY_ACTIVE_ARCH = YES;
				SDKROOT = iphoneos;
				SWIFT_ACTIVE_COMPILATION_CONDITIONS = "DEBUG $(inherited)";
				SWIFT_OPTIMIZATION_LEVEL = "-Onone";
			};
			name = Debug;
		};
		AAC7717A2BF3C90500462D90 /* Release */ = {
			isa = XCBuildConfiguration;
			buildSettings = {
				ALWAYS_SEARCH_USER_PATHS = NO;
				ASSETCATALOG_COMPILER_GENERATE_SWIFT_ASSET_SYMBOL_EXTENSIONS = YES;
				CLANG_ANALYZER_NONNULL = YES;
				CLANG_ANALYZER_NUMBER_OBJECT_CONVERSION = YES_AGGRESSIVE;
				CLANG_CXX_LANGUAGE_STANDARD = "gnu++20";
				CLANG_ENABLE_MODULES = YES;
				CLANG_ENABLE_OBJC_ARC = YES;
				CLANG_ENABLE_OBJC_WEAK = YES;
				CLANG_WARN_BLOCK_CAPTURE_AUTORELEASING = YES;
				CLANG_WARN_BOOL_CONVERSION = YES;
				CLANG_WARN_COMMA = YES;
				CLANG_WARN_CONSTANT_CONVERSION = YES;
				CLANG_WARN_DEPRECATED_OBJC_IMPLEMENTATIONS = YES;
				CLANG_WARN_DIRECT_OBJC_ISA_USAGE = YES_ERROR;
				CLANG_WARN_DOCUMENTATION_COMMENTS = YES;
				CLANG_WARN_EMPTY_BODY = YES;
				CLANG_WARN_ENUM_CONVERSION = YES;
				CLANG_WARN_INFINITE_RECURSION = YES;
				CLANG_WARN_INT_CONVERSION = YES;
				CLANG_WARN_NON_LITERAL_NULL_CONVERSION = YES;
				CLANG_WARN_OBJC_IMPLICIT_RETAIN_SELF = YES;
				CLANG_WARN_OBJC_LITERAL_CONVERSION = YES;
				CLANG_WARN_OBJC_ROOT_CLASS = YES_ERROR;
				CLANG_WARN_QUOTED_INCLUDE_IN_FRAMEWORK_HEADER = YES;
				CLANG_WARN_RANGE_LOOP_ANALYSIS = YES;
				CLANG_WARN_STRICT_PROTOTYPES = YES;
				CLANG_WARN_SUSPICIOUS_MOVE = YES;
				CLANG_WARN_UNGUARDED_AVAILABILITY = YES_AGGRESSIVE;
				CLANG_WARN_UNREACHABLE_CODE = YES;
				CLANG_WARN__DUPLICATE_METHOD_MATCH = YES;
				COPY_PHASE_STRIP = NO;
				DEBUG_INFORMATION_FORMAT = "dwarf-with-dsym";
				ENABLE_NS_ASSERTIONS = NO;
				ENABLE_STRICT_OBJC_MSGSEND = YES;
				ENABLE_USER_SCRIPT_SANDBOXING = YES;
				GCC_C_LANGUAGE_STANDARD = gnu17;
				GCC_NO_COMMON_BLOCKS = YES;
				GCC_WARN_64_TO_32_BIT_CONVERSION = YES;
				GCC_WARN_ABOUT_RETURN_TYPE = YES_ERROR;
				GCC_WARN_UNDECLARED_SELECTOR = YES;
				GCC_WARN_UNINITIALIZED_AUTOS = YES_AGGRESSIVE;
				GCC_WARN_UNUSED_FUNCTION = YES;
				GCC_WARN_UNUSED_VARIABLE = YES;
				IPHONEOS_DEPLOYMENT_TARGET = 16.0;
				LOCALIZATION_PREFERS_STRING_CATALOGS = YES;
				MTL_ENABLE_DEBUG_INFO = NO;
				MTL_FAST_MATH = YES;
				SDKROOT = iphoneos;
				SWIFT_COMPILATION_MODE = wholemodule;
				VALIDATE_PRODUCT = YES;
			};
			name = Release;
		};
		AAC7717C2BF3C90500462D90 /* Debug */ = {
			isa = XCBuildConfiguration;
			buildSettings = {
				ASSETCATALOG_COMPILER_APPICON_NAME = AppIcon;
				ASSETCATALOG_COMPILER_GLOBAL_ACCENT_COLOR_NAME = AccentColor;
				CODE_SIGN_STYLE = Automatic;
				CURRENT_PROJECT_VERSION = 1;
				DEVELOPMENT_ASSET_PATHS = "\"Demo-SwiftUIKit/Preview Content\"";
				DEVELOPMENT_TEAM = 2Y922VKT3D;
				ENABLE_PREVIEWS = YES;
				GENERATE_INFOPLIST_FILE = YES;
				INFOPLIST_KEY_UIApplicationSceneManifest_Generation = YES;
				INFOPLIST_KEY_UIApplicationSupportsIndirectInputEvents = YES;
				INFOPLIST_KEY_UILaunchScreen_Generation = YES;
				INFOPLIST_KEY_UISupportedInterfaceOrientations_iPad = "UIInterfaceOrientationPortrait UIInterfaceOrientationPortraitUpsideDown UIInterfaceOrientationLandscapeLeft UIInterfaceOrientationLandscapeRight";
				INFOPLIST_KEY_UISupportedInterfaceOrientations_iPhone = "UIInterfaceOrientationPortrait UIInterfaceOrientationLandscapeLeft UIInterfaceOrientationLandscapeRight";
				IPHONEOS_DEPLOYMENT_TARGET = 16.0;
				LD_RUNPATH_SEARCH_PATHS = (
					"$(inherited)",
					"@executable_path/Frameworks",
				);
				MARKETING_VERSION = 1.0;
				PRODUCT_BUNDLE_IDENTIFIER = "vishnu.Demo-SwiftUIKit";
				PRODUCT_NAME = "$(TARGET_NAME)";
				SWIFT_EMIT_LOC_STRINGS = YES;
				SWIFT_VERSION = 5.0;
				TARGETED_DEVICE_FAMILY = "1,2";
			};
			name = Debug;
		};
		AAC7717D2BF3C90500462D90 /* Release */ = {
			isa = XCBuildConfiguration;
			buildSettings = {
				ASSETCATALOG_COMPILER_APPICON_NAME = AppIcon;
				ASSETCATALOG_COMPILER_GLOBAL_ACCENT_COLOR_NAME = AccentColor;
				CODE_SIGN_STYLE = Automatic;
				CURRENT_PROJECT_VERSION = 1;
				DEVELOPMENT_ASSET_PATHS = "\"Demo-SwiftUIKit/Preview Content\"";
				DEVELOPMENT_TEAM = 2Y922VKT3D;
				ENABLE_PREVIEWS = YES;
				GENERATE_INFOPLIST_FILE = YES;
				INFOPLIST_KEY_UIApplicationSceneManifest_Generation = YES;
				INFOPLIST_KEY_UIApplicationSupportsIndirectInputEvents = YES;
				INFOPLIST_KEY_UILaunchScreen_Generation = YES;
				INFOPLIST_KEY_UISupportedInterfaceOrientations_iPad = "UIInterfaceOrientationPortrait UIInterfaceOrientationPortraitUpsideDown UIInterfaceOrientationLandscapeLeft UIInterfaceOrientationLandscapeRight";
				INFOPLIST_KEY_UISupportedInterfaceOrientations_iPhone = "UIInterfaceOrientationPortrait UIInterfaceOrientationLandscapeLeft UIInterfaceOrientationLandscapeRight";
				IPHONEOS_DEPLOYMENT_TARGET = 16.0;
				LD_RUNPATH_SEARCH_PATHS = (
					"$(inherited)",
					"@executable_path/Frameworks",
				);
				MARKETING_VERSION = 1.0;
				PRODUCT_BUNDLE_IDENTIFIER = "vishnu.Demo-SwiftUIKit";
				PRODUCT_NAME = "$(TARGET_NAME)";
				SWIFT_EMIT_LOC_STRINGS = YES;
				SWIFT_VERSION = 5.0;
				TARGETED_DEVICE_FAMILY = "1,2";
			};
			name = Release;
		};
/* End XCBuildConfiguration section */

/* Begin XCConfigurationList section */
		AAC771682BF3C90400462D90 /* Build configuration list for PBXProject "Demo-SwiftUIKit" */ = {
			isa = XCConfigurationList;
			buildConfigurations = (
				AAC771792BF3C90500462D90 /* Debug */,
				AAC7717A2BF3C90500462D90 /* Release */,
			);
			defaultConfigurationIsVisible = 0;
			defaultConfigurationName = Release;
		};
		AAC7717B2BF3C90500462D90 /* Build configuration list for PBXNativeTarget "Demo-SwiftUIKit" */ = {
			isa = XCConfigurationList;
			buildConfigurations = (
				AAC7717C2BF3C90500462D90 /* Debug */,
				AAC7717D2BF3C90500462D90 /* Release */,
			);
			defaultConfigurationIsVisible = 0;
			defaultConfigurationName = Release;
		};
/* End XCConfigurationList section */

/* Begin XCRemoteSwiftPackageReference section */
		AAC7717E2BF3CA8200462D90 /* XCRemoteSwiftPackageReference "SwiftUIDevKit" */ = {
			isa = XCRemoteSwiftPackageReference;
			repositoryURL = "https://github.com/i-steve/SwiftUIDevKit.git";
			requirement = {
				branch = main;
				kind = branch;
			};
		};
/* End XCRemoteSwiftPackageReference section */

/* Begin XCSwiftPackageProductDependency section */
		AAC7717F2BF3CA8200462D90 /* SwiftUIDevKit */ = {
			isa = XCSwiftPackageProductDependency;
			package = AAC7717E2BF3CA8200462D90 /* XCRemoteSwiftPackageReference "SwiftUIDevKit" */;
			productName = SwiftUIDevKit;
		};
/* End XCSwiftPackageProductDependency section */
	};
	rootObject = AAC771652BF3C90400462D90 /* Project object */;
}
